{
  "version": 4,
  "terraform_version": "1.11.2",
  "serial": 19,
  "lineage": "446fbadb-04db-6f9d-a180-fcfac0589e24",
  "outputs": {},
  "resources": [
    {
      "mode": "data",
      "type": "cloudflare_zone",
      "name": "typing_zone",
      "provider": "provider[\"registry.terraform.io/cloudflare/cloudflare\"]",
      "instances": [
        {
          "schema_version": 0,
          "attributes": {
            "account": {
              "id": "57cad9703c64eb7b4ca820df63fa10ba",
              "name": "Seanpietercraven@gmail.com's Account"
            },
            "activated_on": "2025-03-23T10:34:50Z",
            "created_on": "2025-03-23T10:34:46Z",
            "development_mode": 0,
            "filter": null,
            "id": null,
            "meta": {
              "cdn_only": null,
              "custom_certificate_quota": 0,
              "dns_only": null,
              "foundation_dns": null,
              "page_rule_quota": 3,
              "phishing_detected": false,
              "step": 4
            },
            "modified_on": "2025-03-23T10:34:51Z",
            "name": "programtype.com",
            "name_servers": [
              "lovisa.ns.cloudflare.com",
              "todd.ns.cloudflare.com"
            ],
            "original_dnshost": null,
            "original_name_servers": null,
            "original_registrar": null,
            "owner": {
              "id": null,
              "name": null,
              "type": "user"
            },
            "paused": false,
            "status": "active",
            "type": "full",
            "vanity_name_servers": null,
            "verification_key": null,
            "zone_id": "897ed6362c7b1bdd399b8186f2ce0dbe"
          },
          "sensitive_attributes": []
        }
      ]
    },
    {
      "mode": "managed",
      "type": "cloudflare_dns_record",
      "name": "dns-record-for-server",
      "provider": "provider[\"registry.terraform.io/cloudflare/cloudflare\"]",
      "instances": [
        {
          "schema_version": 0,
          "attributes": {
            "comment": null,
            "comment_modified_on": null,
            "content": "2a01:4f8:1c1b:d901::1",
            "created_on": "2025-03-23T20:56:47Z",
            "data": null,
            "id": "32614e67f95de108e8d516015574c4be",
            "meta": "{}",
            "modified_on": "2025-03-23T20:56:47Z",
            "name": "dns",
            "priority": null,
            "proxiable": true,
            "proxied": false,
            "settings": {
              "flatten_cname": null,
              "ipv4_only": null,
              "ipv6_only": null
            },
            "tags": [],
            "tags_modified_on": null,
            "ttl": 1,
            "type": "AAAA",
            "zone_id": "897ed6362c7b1bdd399b8186f2ce0dbe"
          },
          "sensitive_attributes": [],
          "dependencies": [
            "data.cloudflare_zone.typing_zone",
            "hcloud_server.web",
            "hcloud_ssh_key.main"
          ]
        }
      ]
    },
    {
      "mode": "managed",
      "type": "hcloud_server",
      "name": "web",
      "provider": "provider[\"registry.terraform.io/hetznercloud/hcloud\"]",
      "instances": [
        {
          "schema_version": 0,
          "attributes": {
            "allow_deprecated_images": false,
            "backup_window": "",
            "backups": false,
            "datacenter": "nbg1-dc3",
            "delete_protection": false,
            "firewall_ids": [],
            "id": "61764644",
            "ignore_remote_firewall_ids": false,
            "image": "fedora-41",
            "ipv4_address": "",
            "ipv6_address": "2a01:4f8:1c1b:d901::1",
            "ipv6_network": "2a01:4f8:1c1b:d901::/64",
            "iso": null,
            "keep_disk": false,
            "labels": {},
            "location": "nbg1",
            "name": "typing-server",
            "network": [],
            "placement_group_id": 0,
            "primary_disk_size": 40,
            "public_net": [
              {
                "ipv4": 0,
                "ipv4_enabled": false,
                "ipv6": 0,
                "ipv6_enabled": true
              }
            ],
            "rebuild_protection": false,
            "rescue": null,
            "server_type": "cax11",
            "shutdown_before_deletion": false,
            "ssh_keys": [
              "28092157"
            ],
            "status": "running",
            "timeouts": null,
            "user_data": null
          },
          "sensitive_attributes": [],
          "private": "eyJlMmJmYjczMC1lY2FhLTExZTYtOGY4OC0zNDM2M2JjN2M0YzAiOnsiY3JlYXRlIjo1NDAwMDAwMDAwMDAwfX0=",
          "dependencies": [
            "hcloud_ssh_key.main"
          ]
        }
      ]
    },
    {
      "mode": "managed",
      "type": "hcloud_ssh_key",
      "name": "main",
      "provider": "provider[\"registry.terraform.io/hetznercloud/hcloud\"]",
      "instances": [
        {
          "schema_version": 0,
          "attributes": {
            "fingerprint": "b1:c5:4f:aa:60:d6:e0:a2:b0:64:b4:e9:f5:45:47:c5",
            "id": "28092157",
            "labels": {},
            "name": "main-ssh",
            "public_key": "ssh-ed25519 AAAAC3NzaC1lZDI1NTE5AAAAIBQAvy/N9/9XSBgXCg0NcRiAIgwiGEZWGOL1cVPjwfvo seanpietercraven@gmail.com\n"
          },
          "sensitive_attributes": []
        }
      ]
    }
  ],
  "check_results": null
}
